
Microsoft Visual Studio Solution File, Format Version 12.00
# Visual Studio Version 16
VisualStudioVersion = 16.0.30907.101
MinimumVisualStudioVersion = 10.0.40219.1
Project("{FAE04EC0-301F-11D3-BF4B-00C04F79EFBC}") = "TwoStrings", "TwoStrings.csproj", "{4C537B91-4FB0-43CE-9479-694FA164D3E1}"
EndProject
Global
	GlobalSection(SolutionConfigurationPlatforms) = preSolution
		Debug|Any CPU = Debug|Any CPU
		Release|Any CPU = Release|Any CPU
	EndGlobalSection
	GlobalSection(ProjectConfigurationPlatforms) = postSolution
		{4C537B91-4FB0-43CE-9479-694FA164D3E1}.Debug|Any CPU.ActiveCfg = Debug|Any CPU
		{4C537B91-4FB0-43CE-9479-694FA164D3E1}.Debug|Any CPU.Build.0 = Debug|Any CPU
		{4C537B91-4FB0-43CE-9479-694FA164D3E1}.Release|Any CPU.ActiveCfg = Release|Any CPU
		{4C537B91-4FB0-43CE-9479-694FA164D3E1}.Release|Any CPU.Build.0 = Release|Any CPU
	EndGlobalSection
	GlobalSection(SolutionProperties) = preSolution
		HideSolutionNode = FALSE
	EndGlobalSection
	GlobalSection(ExtensibilityGlobals) = postSolution
		SolutionGuid = {9F18C84F-C203-4EDC-A502-F82405E9D8F0}
	EndGlobalSection
EndGlobal
